// !$*UTF8*$!
{
	archiveVersion = 1;
	classes = {
	};
	objectVersion = 51;
	objects = {

/* Begin PBXBuildFile section */
		2D3256D681027419D039D94E /* Pods_SemaphoresPractice.framework in Frameworks */ = {isa = PBXBuildFile; fileRef = D1AD2662C7753E121AC79FE9 /* Pods_SemaphoresPractice.framework */; };
		94FDCCCD243CCF5400409A34 /* AppDelegate.swift in Sources */ = {isa = PBXBuildFile; fileRef = 94FDCCCC243CCF5400409A34 /* AppDelegate.swift */; };
		94FDCCCF243CCF5400409A34 /* SceneDelegate.swift in Sources */ = {isa = PBXBuildFile; fileRef = 94FDCCCE243CCF5400409A34 /* SceneDelegate.swift */; };
		94FDCCD1243CCF5400409A34 /* ViewController.swift in Sources */ = {isa = PBXBuildFile; fileRef = 94FDCCD0243CCF5400409A34 /* ViewController.swift */; };
		94FDCCD4243CCF5400409A34 /* Main.storyboard in Resources */ = {isa = PBXBuildFile; fileRef = 94FDCCD2243CCF5400409A34 /* Main.storyboard */; };
		94FDCCD6243CCF5500409A34 /* Assets.xcassets in Resources */ = {isa = PBXBuildFile; fileRef = 94FDCCD5243CCF5500409A34 /* Assets.xcassets */; };
		94FDCCD9243CCF5500409A34 /* LaunchScreen.storyboard in Resources */ = {isa = PBXBuildFile; fileRef = 94FDCCD7243CCF5500409A34 /* LaunchScreen.storyboard */; };
/* End PBXBuildFile section */

/* Begin PBXFileReference section */
		3D316E2E2F0C4CA302E01475 /* Pods-SemaphoresPractice.release.xcconfig */ = {isa = PBXFileReference; includeInIndex = 1; lastKnownFileType = text.xcconfig; name = "Pods-SemaphoresPractice.release.xcconfig"; path = "Target Support Files/Pods-SemaphoresPractice/Pods-SemaphoresPractice.release.xcconfig"; sourceTree = "<group>"; };
		94FDCCC9243CCF5400409A34 /* SemaphoresPractice.app */ = {isa = PBXFileReference; explicitFileType = wrapper.application; includeInIndex = 0; path = SemaphoresPractice.app; sourceTree = BUILT_PRODUCTS_DIR; };
		94FDCCCC243CCF5400409A34 /* AppDelegate.swift */ = {isa = PBXFileReference; lastKnownFileType = sourcecode.swift; path = AppDelegate.swift; sourceTree = "<group>"; };
		94FDCCCE243CCF5400409A34 /* SceneDelegate.swift */ = {isa = PBXFileReference; lastKnownFileType = sourcecode.swift; path = SceneDelegate.swift; sourceTree = "<group>"; };
		94FDCCD0243CCF5400409A34 /* ViewController.swift */ = {isa = PBXFileReference; lastKnownFileType = sourcecode.swift; path = ViewController.swift; sourceTree = "<group>"; };
		94FDCCD3243CCF5400409A34 /* Base */ = {isa = PBXFileReference; lastKnownFileType = file.storyboard; name = Base; path = Base.lproj/Main.storyboard; sourceTree = "<group>"; };
		94FDCCD5243CCF5500409A34 /* Assets.xcassets */ = {isa = PBXFileReference; lastKnownFileType = folder.assetcatalog; path = Assets.xcassets; sourceTree = "<group>"; };
		94FDCCD8243CCF5500409A34 /* Base */ = {isa = PBXFileReference; lastKnownFileType = file.storyboard; name = Base; path = Base.lproj/LaunchScreen.storyboard; sourceTree = "<group>"; };
		94FDCCDA243CCF5500409A34 /* Info.plist */ = {isa = PBXFileReference; lastKnownFileType = text.plist.xml; path = Info.plist; sourceTree = "<group>"; };
		CB76B8F0723FC8B8F7E15A5E /* Pods-SemaphoresPractice.debug.xcconfig */ = {isa = PBXFileReference; includeInIndex = 1; lastKnownFileType = text.xcconfig; name = "Pods-SemaphoresPractice.debug.xcconfig"; path = "Target Support Files/Pods-SemaphoresPractice/Pods-SemaphoresPractice.debug.xcconfig"; sourceTree = "<group>"; };
		D1AD2662C7753E121AC79FE9 /* Pods_SemaphoresPractice.framework */ = {isa = PBXFileReference; explicitFileType = wrapper.framework; includeInIndex = 0; path = Pods_SemaphoresPractice.framework; sourceTree = BUILT_PRODUCTS_DIR; };
/* End PBXFileReference section */

/* Begin PBXFrameworksBuildPhase section */
		94FDCCC6243CCF5400409A34 /* Frameworks */ = {
			isa = PBXFrameworksBuildPhase;
			buildActionMask = 2147483647;
			files = (
				2D3256D681027419D039D94E /* Pods_SemaphoresPractice.framework in Frameworks */,
			);
			runOnlyForDeploymentPostprocessing = 0;
		};
/* End PBXFrameworksBuildPhase section */

/* Begin PBXGroup section */
		0A655B66AFC1EBDCDAC12B6E /* Frameworks */ = {
			isa = PBXGroup;
			children = (
				D1AD2662C7753E121AC79FE9 /* Pods_SemaphoresPractice.framework */,
			);
			name = Frameworks;
			sourceTree = "<group>";
		};
		4A2501D63A3E2175282948A5 /* Pods */ = {
			isa = PBXGroup;
			children = (
				CB76B8F0723FC8B8F7E15A5E /* Pods-SemaphoresPractice.debug.xcconfig */,
				3D316E2E2F0C4CA302E01475 /* Pods-SemaphoresPractice.release.xcconfig */,
			);
			path = Pods;
			sourceTree = "<group>";
		};
		94FDCCC0243CCF5400409A34 = {
			isa = PBXGroup;
			children = (
				94FDCCCB243CCF5400409A34 /* SemaphoresPractice */,
				94FDCCCA243CCF5400409A34 /* Products */,
				4A2501D63A3E2175282948A5 /* Pods */,
				0A655B66AFC1EBDCDAC12B6E /* Frameworks */,
			);
			sourceTree = "<group>";
		};
		94FDCCCA243CCF5400409A34 /* Products */ = {
			isa = PBXGroup;
			children = (
				94FDCCC9243CCF5400409A34 /* SemaphoresPractice.app */,
			);
			name = Products;
			sourceTree = "<group>";
		};
		94FDCCCB243CCF5400409A34 /* SemaphoresPractice */ = {
			isa = PBXGroup;
			children = (
				94FDCCCC243CCF5400409A34 /* AppDelegate.swift */,
				94FDCCCE243CCF5400409A34 /* SceneDelegate.swift */,
				94FDCCD0243CCF5400409A34 /* ViewController.swift */,
				94FDCCD2243CCF5400409A34 /* Main.storyboard */,
				94FDCCD5243CCF5500409A34 /* Assets.xcassets */,
				94FDCCD7243CCF5500409A34 /* LaunchScreen.storyboard */,
				94FDCCDA243CCF5500409A34 /* Info.plist */,
			);
			path = SemaphoresPractice;
			sourceTree = "<group>";
		};
/* End PBXGroup section */

/* Begin PBXNativeTarget section */
		94FDCCC8243CCF5400409A34 /* SemaphoresPractice */ = {
			isa = PBXNativeTarget;
			buildConfigurationList = 94FDCCDD243CCF5500409A34 /* Build configuration list for PBXNativeTarget "SemaphoresPractice" */;
			buildPhases = (
				626BF1336B13B43869693442 /* [CP] Check Pods Manifest.lock */,
				94FDCCC5243CCF5400409A34 /* Sources */,
				94FDCCC6243CCF5400409A34 /* Frameworks */,
				94FDCCC7243CCF5400409A34 /* Resources */,
				B8458716126E8036D76831C6 /* [CP] Embed Pods Frameworks */,
			);
			buildRules = (
			);
			dependencies = (
			);
			name = SemaphoresPractice;
			productName = SemaphoresPractice;
			productReference = 94FDCCC9243CCF5400409A34 /* SemaphoresPractice.app */;
			productType = "com.apple.product-type.application";
		};
/* End PBXNativeTarget section */

/* Begin PBXProject section */
		94FDCCC1243CCF5400409A34 /* Project object */ = {
			isa = PBXProject;
			attributes = {
				LastSwiftUpdateCheck = 1140;
				LastUpgradeCheck = 1140;
				ORGANIZATIONNAME = Hanyu;
				TargetAttributes = {
					94FDCCC8243CCF5400409A34 = {
						CreatedOnToolsVersion = 11.4;
					};
				};
			};
			buildConfigurationList = 94FDCCC4243CCF5400409A34 /* Build configuration list for PBXProject "SemaphoresPractice" */;
			compatibilityVersion = "Xcode 9.3";
			developmentRegion = en;
			hasScannedForEncodings = 0;
			knownRegions = (
				en,
				Base,
			);
			mainGroup = 94FDCCC0243CCF5400409A34;
			productRefGroup = 94FDCCCA243CCF5400409A34 /* Products */;
			projectDirPath = "";
			projectRoot = "";
			targets = (
				94FDCCC8243CCF5400409A34 /* SemaphoresPractice */,
			);
		};
/* End PBXProject section */

/* Begin PBXResourcesBuildPhase section */
		94FDCCC7243CCF5400409A34 /* Resources */ = {
			isa = PBXResourcesBuildPhase;
			buildActionMask = 2147483647;
			files = (
				94FDCCD9243CCF5500409A34 /* LaunchScreen.storyboard in Resources */,
				94FDCCD6243CCF5500409A34 /* Assets.xcassets in Resources */,
				94FDCCD4243CCF5400409A34 /* Main.storyboard in Resources */,
			);
			runOnlyForDeploymentPostprocessing = 0;
		};
/* End PBXResourcesBuildPhase section */

/* Begin PBXShellScriptBuildPhase section */
		626BF1336B13B43869693442 /* [CP] Check Pods Manifest.lock */ = {
			isa = PBXShellScriptBuildPhase;
			buildActionMask = 2147483647;
			files = (
			);
			inputFileListPaths = (
			);
			inputPaths = (
				"${PODS_PODFILE_DIR_PATH}/Podfile.lock",
				"${PODS_ROOT}/Manifest.lock",
			);
			name = "[CP] Check Pods Manifest.lock";
			outputFileListPaths = (
			);
			outputPaths = (
				"$(DERIVED_FILE_DIR)/Pods-SemaphoresPractice-checkManifestLockResult.txt",
			);
			runOnlyForDeploymentPostprocessing = 0;
			shellPath = /bin/sh;
			shellScript = "diff \"${PODS_PODFILE_DIR_PATH}/Podfile.lock\" \"${PODS_ROOT}/Manifest.lock\" > /dev/null\nif [ $? != 0 ] ; then\n    # print error to STDERR\n    echo \"error: The sandbox is not in sync with the Podfile.lock. Run 'pod install' or update your CocoaPods installation.\" >&2\n    exit 1\nfi\n# This output is used by Xcode 'outputs' to avoid re-running this script phase.\necho \"SUCCESS\" > \"${SCRIPT_OUTPUT_FILE_0}\"\n";
			showEnvVarsInLog = 0;
		};
		B8458716126E8036D76831C6 /* [CP] Embed Pods Frameworks */ = {
			isa = PBXShellScriptBuildPhase;
			buildActionMask = 2147483647;
			files = (
			);
			inputFileListPaths = (
				"${PODS_ROOT}/Target Support Files/Pods-SemaphoresPractice/Pods-SemaphoresPractice-frameworks-${CONFIGURATION}-input-files.xcfilelist",
			);
			name = "[CP] Embed Pods Frameworks";
			outputFileListPaths = (
				"${PODS_ROOT}/Target Support Files/Pods-SemaphoresPractice/Pods-SemaphoresPractice-frameworks-${CONFIGURATION}-output-files.xcfilelist",
			);
			runOnlyForDeploymentPostprocessing = 0;
			shellPath = /bin/sh;
			shellScript = "\"${PODS_ROOT}/Target Support Files/Pods-SemaphoresPractice/Pods-SemaphoresPractice-frameworks.sh\"\n";
			showEnvVarsInLog = 0;
		};
/* End PBXShellScriptBuildPhase section */

/* Begin PBXSourcesBuildPhase section */
		94FDCCC5243CCF5400409A34 /* Sources */ = {
			isa = PBXSourcesBuildPhase;
			buildActionMask = 2147483647;
			files = (
				94FDCCD1243CCF5400409A34 /* ViewController.swift in Sources */,
				94FDCCCD243CCF5400409A34 /* AppDelegate.swift in Sources */,
				94FDCCCF243CCF5400409A34 /* SceneDelegate.swift in Sources */,
			);
			runOnlyForDeploymentPostprocessing = 0;
		};
/* End PBXSourcesBuildPhase section */

/* Begin PBXVariantGroup section */
		94FDCCD2243CCF5400409A34 /* Main.storyboard */ = {
			isa = PBXVariantGroup;
			children = (
				94FDCCD3243CCF5400409A34 /* Base */,
			);
			name = Main.storyboard;
			sourceTree = "<group>";
		};
		94FDCCD7243CCF5500409A34 /* LaunchScreen.storyboard */ = {
			isa = PBXVariantGroup;
			children = (
				94FDCCD8243CCF5500409A34 /* Base */,
			);
			name = LaunchScreen.storyboard;
			sourceTree = "<group>";
		};
/* End PBXVariantGroup section */

/* Begin XCBuildConfiguration section */
		94FDCCDB243CCF5500409A34 /* Debug */ = {
			isa = XCBuildConfiguration;
			buildSettings = {
				ALWAYS_SEARCH_USER_PATHS = NO;
				CLANG_ANALYZER_NONNULL = YES;
				CLANG_ANALYZER_NUMBER_OBJECT_CONVERSION = YES_AGGRESSIVE;
				CLANG_CXX_LANGUAGE_STANDARD = "gnu++14";
				CLANG_CXX_LIBRARY = "libc++";
				CLANG_ENABLE_MODULES = YES;
				CLANG_ENABLE_OBJC_ARC = YES;
				CLANG_ENABLE_OBJC_WEAK = YES;
				CLANG_WARN_BLOCK_CAPTURE_AUTORELEASING = YES;
				CLANG_WARN_BOOL_CONVERSION = YES;
				CLANG_WARN_COMMA = YES;
				CLANG_WARN_CONSTANT_CONVERSION = YES;
				CLANG_WARN_DEPRECATED_OBJC_IMPLEMENTATIONS = YES;
				CLANG_WARN_DIRECT_OBJC_ISA_USAGE = YES_ERROR;
				CLANG_WARN_DOCUMENTATION_COMMENTS = YES;
				CLANG_WARN_EMPTY_BODY = YES;
				CLANG_WARN_ENUM_CONVERSION = YES;
				CLANG_WARN_INFINITE_RECURSION = YES;
				CLANG_WARN_INT_CONVERSION = YES;
				CLANG_WARN_NON_LITERAL_NULL_CONVERSION = YES;
				CLANG_WARN_OBJC_IMPLICIT_RETAIN_SELF = YES;
				CLANG_WARN_OBJC_LITERAL_CONVERSION = YES;
				CLANG_WARN_OBJC_ROOT_CLASS = YES_ERROR;
				CLANG_WARN_RANGE_LOOP_ANALYSIS = YES;
				CLANG_WARN_STRICT_PROTOTYPES = YES;
				CLANG_WARN_SUSPICIOUS_MOVE = YES;
				CLANG_WARN_UNGUARDED_AVAILABILITY = YES_AGGRESSIVE;
				CLANG_WARN_UNREACHABLE_CODE = YES;
				CLANG_WARN__DUPLICATE_METHOD_MATCH = YES;
				COPY_PHASE_STRIP = NO;
				DEBUG_INFORMATION_FORMAT = dwarf;
				ENABLE_STRICT_OBJC_MSGSEND = YES;
				ENABLE_TESTABILITY = YES;
				GCC_C_LANGUAGE_STANDARD = gnu11;
				GCC_DYNAMIC_NO_PIC = NO;
				GCC_NO_COMMON_BLOCKS = YES;
				GCC_OPTIMIZATION_LEVEL = 0;
				GCC_PREPROCESSOR_DEFINITIONS = (
					"DEBUG=1",
					"$(inherited)",
				);
				GCC_WARN_64_TO_32_BIT_CONVERSION = YES;
				GCC_WARN_ABOUT_RETURN_TYPE = YES_ERROR;
				GCC_WARN_UNDECLARED_SELECTOR = YES;
				GCC_WARN_UNINITIALIZED_AUTOS = YES_AGGRESSIVE;
				GCC_WARN_UNUSED_FUNCTION = YES;
				GCC_WARN_UNUSED_VARIABLE = YES;
				IPHONEOS_DEPLOYMENT_TARGET = 13.4;
				MTL_ENABLE_DEBUG_INFO = INCLUDE_SOURCE;
				MTL_FAST_MATH = YES;
				ONLY_ACTIVE_ARCH = YES;
				SDKROOT = iphoneos;
				SWIFT_ACTIVE_COMPILATION_CONDITIONS = DEBUG;
				SWIFT_OPTIMIZATION_LEVEL = "-Onone";
			};
			name = Debug;
		};
		94FDCCDC243CCF5500409A34 /* Release */ = {
			isa = XCBuildConfiguration;
			buildSettings = {
				ALWAYS_SEARCH_USER_PATHS = NO;
				CLANG_ANALYZER_NONNULL = YES;
				CLANG_ANALYZER_NUMBER_OBJECT_CONVERSION = YES_AGGRESSIVE;
				CLANG_CXX_LANGUAGE_STANDARD = "gnu++14";
				CLANG_CXX_LIBRARY = "libc++";
				CLANG_ENABLE_MODULES = YES;
				CLANG_ENABLE_OBJC_ARC = YES;
				CLANG_ENABLE_OBJC_WEAK = YES;
				CLANG_WARN_BLOCK_CAPTURE_AUTORELEASING = YES;
				CLANG_WARN_BOOL_CONVERSION = YES;
				CLANG_WARN_COMMA = YES;
				CLANG_WARN_CONSTANT_CONVERSION = YES;
				CLANG_WARN_DEPRECATED_OBJC_IMPLEMENTATIONS = YES;
				CLANG_WARN_DIRECT_OBJC_ISA_USAGE = YES_ERROR;
				CLANG_WARN_DOCUMENTATION_COMMENTS = YES;
				CLANG_WARN_EMPTY_BODY = YES;
				CLANG_WARN_ENUM_CONVERSION = YES;
				CLANG_WARN_INFINITE_RECURSION = YES;
				CLANG_WARN_INT_CONVERSION = YES;
				CLANG_WARN_NON_LITERAL_NULL_CONVERSION = YES;
				CLANG_WARN_OBJC_IMPLICIT_RETAIN_SELF = YES;
				CLANG_WARN_OBJC_LITERAL_CONVERSION = YES;
				CLANG_WARN_OBJC_ROOT_CLASS = YES_ERROR;
				CLANG_WARN_RANGE_LOOP_ANALYSIS = YES;
				CLANG_WARN_STRICT_PROTOTYPES = YES;
				CLANG_WARN_SUSPICIOUS_MOVE = YES;
				CLANG_WARN_UNGUARDED_AVAILABILITY = YES_AGGRESSIVE;
				CLANG_WARN_UNREACHABLE_CODE = YES;
				CLANG_WARN__DUPLICATE_METHOD_MATCH = YES;
				COPY_PHASE_STRIP = NO;
				DEBUG_INFORMATION_FORMAT = "dwarf-with-dsym";
				ENABLE_NS_ASSERTIONS = NO;
				ENABLE_STRICT_OBJC_MSGSEND = YES;
				GCC_C_LANGUAGE_STANDARD = gnu11;
				GCC_NO_COMMON_BLOCKS = YES;
				GCC_WARN_64_TO_32_BIT_CONVERSION = YES;
				GCC_WARN_ABOUT_RETURN_TYPE = YES_ERROR;
				GCC_WARN_UNDECLARED_SELECTOR = YES;
				GCC_WARN_UNINITIALIZED_AUTOS = YES_AGGRESSIVE;
				GCC_WARN_UNUSED_FUNCTION = YES;
				GCC_WARN_UNUSED_VARIABLE = YES;
				IPHONEOS_DEPLOYMENT_TARGET = 13.4;
				MTL_ENABLE_DEBUG_INFO = NO;
				MTL_FAST_MATH = YES;
				SDKROOT = iphoneos;
				SWIFT_COMPILATION_MODE = wholemodule;
				SWIFT_OPTIMIZATION_LEVEL = "-O";
				VALIDATE_PRODUCT = YES;
			};
			name = Release;
		};
		94FDCCDE243CCF5500409A34 /* Debug */ = {
			isa = XCBuildConfiguration;
			baseConfigurationReference = CB76B8F0723FC8B8F7E15A5E /* Pods-SemaphoresPractice.debug.xcconfig */;
			buildSettings = {
				ASSETCATALOG_COMPILER_APPICON_NAME = AppIcon;
				CODE_SIGN_STYLE = Automatic;
				DEVELOPMENT_TEAM = 9LB9NKBAM6;
				INFOPLIST_FILE = SemaphoresPractice/Info.plist;
				IPHONEOS_DEPLOYMENT_TARGET = 13.0;
				LD_RUNPATH_SEARCH_PATHS = (
					"$(inherited)",
					"@executable_path/Frameworks",
				);
				PRODUCT_BUNDLE_IDENTIFIER = ryanrange.SemaphoresPractice;
				PRODUCT_NAME = "$(TARGET_NAME)";
				SWIFT_VERSION = 5.0;
				TARGETED_DEVICE_FAMILY = "1,2";
			};
			name = Debug;
		};
		94FDCCDF243CCF5500409A34 /* Release */ = {
			isa = XCBuildConfiguration;
			baseConfigurationReference = 3D316E2E2F0C4CA302E01475 /* Pods-SemaphoresPractice.release.xcconfig */;
			buildSettings = {
				ASSETCATALOG_COMPILER_APPICON_NAME = AppIcon;
				CODE_SIGN_STYLE = Automatic;
				DEVELOPMENT_TEAM = 9LB9NKBAM6;
				INFOPLIST_FILE = SemaphoresPractice/Info.plist;
				IPHONEOS_DEPLOYMENT_TARGET = 13.0;
				LD_RUNPATH_SEARCH_PATHS = (
					"$(inherited)",
					"@executable_path/Frameworks",
				);
				PRODUCT_BUNDLE_IDENTIFIER = ryanrange.SemaphoresPractice;
				PRODUCT_NAME = "$(TARGET_NAME)";
				SWIFT_VERSION = 5.0;
				TARGETED_DEVICE_FAMILY = "1,2";
			};
			name = Release;
		};
/* End XCBuildConfiguration section */

/* Begin XCConfigurationList section */
		94FDCCC4243CCF5400409A34 /* Build configuration list for PBXProject "SemaphoresPractice" */ = {
			isa = XCConfigurationList;
			buildConfigurations = (
				94FDCCDB243CCF5500409A34 /* Debug */,
				94FDCCDC243CCF5500409A34 /* Release */,
			);
			defaultConfigurationIsVisible = 0;
			defaultConfigurationName = Release;
		};
		94FDCCDD243CCF5500409A34 /* Build configuration list for PBXNativeTarget "SemaphoresPractice" */ = {
			isa = XCConfigurationList;
			buildConfigurations = (
				94FDCCDE243CCF5500409A34 /* Debug */,
				94FDCCDF243CCF5500409A34 /* Release */,
			);
			defaultConfigurationIsVisible = 0;
			defaultConfigurationName = Release;
		};
/* End XCConfigurationList section */
	};
	rootObject = 94FDCCC1243CCF5400409A34 /* Project object */;
}
